
Microsoft Visual Studio Solution File, Format Version 12.00
# Visual Studio Version 16
VisualStudioVersion = 16.0.29020.237
MinimumVisualStudioVersion = 10.0.40219.1
Project("{FAE04EC0-301F-11D3-BF4B-00C04F79EFBC}") = "Steam Account Manager", "SteamAccountSwitcher\Steam Account Manager.csproj", "{87F5B85B-F4AB-47DA-AFD7-97CC7E450E12}"
EndProject
Global
	GlobalSection(SolutionConfigurationPlatforms) = preSolution
		CD_ROM|Any CPU = CD_ROM|Any CPU
		Debug|Any CPU = Debug|Any CPU
		DVD-5|Any CPU = DVD-5|Any CPU
		Release|Any CPU = Release|Any CPU
		SingleImage|Any CPU = SingleImage|Any CPU
	EndGlobalSection
	GlobalSection(ProjectConfigurationPlatforms) = postSolution
		{87F5B85B-F4AB-47DA-AFD7-97CC7E450E12}.CD_ROM|Any CPU.ActiveCfg = Release|Any CPU
		{87F5B85B-F4AB-47DA-AFD7-97CC7E450E12}.CD_ROM|Any CPU.Build.0 = Release|Any CPU
		{87F5B85B-F4AB-47DA-AFD7-97CC7E450E12}.Debug|Any CPU.ActiveCfg = Debug|Any CPU
		{87F5B85B-F4AB-47DA-AFD7-97CC7E450E12}.Debug|Any CPU.Build.0 = Debug|Any CPU
		{87F5B85B-F4AB-47DA-AFD7-97CC7E450E12}.DVD-5|Any CPU.ActiveCfg = Debug|Any CPU
		{87F5B85B-F4AB-47DA-AFD7-97CC7E450E12}.DVD-5|Any CPU.Build.0 = Debug|Any CPU
		{87F5B85B-F4AB-47DA-AFD7-97CC7E450E12}.Release|Any CPU.ActiveCfg = Release|Any CPU
		{87F5B85B-F4AB-47DA-AFD7-97CC7E450E12}.Release|Any CPU.Build.0 = Release|Any CPU
		{87F5B85B-F4AB-47DA-AFD7-97CC7E450E12}.SingleImage|Any CPU.ActiveCfg = Release|Any CPU
		{87F5B85B-F4AB-47DA-AFD7-97CC7E450E12}.SingleImage|Any CPU.Build.0 = Release|Any CPU
	EndGlobalSection
	GlobalSection(SolutionProperties) = preSolution
		HideSolutionNode = FALSE
	EndGlobalSection
	GlobalSection(ExtensibilityGlobals) = postSolution
		SolutionGuid = {EA68C261-5A44-4B22-A5DD-3BA4828291E0}
	EndGlobalSection
EndGlobal
